
Microsoft Visual Studio Solution File, Format Version 12.00
# Visual Studio Version 16
VisualStudioVersion = 16.0.31321.278
MinimumVisualStudioVersion = 10.0.40219.1
Project("{FAE04EC0-301F-11D3-BF4B-00C04F79EFBC}") = "ContactManager", "ContactManager\ContactManager.csproj", "{7DC1520B-43F4-40F8-BB4F-107C88710AED}"
EndProject
Global
	GlobalSection(SolutionConfigurationPlatforms) = preSolution
		Debug|Any CPU = Debug|Any CPU
		Release|Any CPU = Release|Any CPU
	EndGlobalSection
	GlobalSection(ProjectConfigurationPlatforms) = postSolution
		{7DC1520B-43F4-40F8-BB4F-107C88710AED}.Debug|Any CPU.ActiveCfg = Debug|Any CPU
		{7DC1520B-43F4-40F8-BB4F-107C88710AED}.Debug|Any CPU.Build.0 = Debug|Any CPU
		{7DC1520B-43F4-40F8-BB4F-107C88710AED}.Release|Any CPU.ActiveCfg = Release|Any CPU
		{7DC1520B-43F4-40F8-BB4F-107C88710AED}.Release|Any CPU.Build.0 = Release|Any CPU
	EndGlobalSection
	GlobalSection(SolutionProperties) = preSolution
		HideSolutionNode = FALSE
	EndGlobalSection
	GlobalSection(ExtensibilityGlobals) = postSolution
		SolutionGuid = {3349CF6A-622E-4094-833D-FF0F9A243349}
	EndGlobalSection
EndGlobal
